// !$*UTF8*$!
{
	archiveVersion = 1;
	classes = {
	};
	objectVersion = 110;
	objects = {

/* Begin PBXContainerItemProxy section */
		E47E54003004C60B00B68849 /* PBXContainerItemProxy */ = {
			isa = PBXContainerItemProxy;
			containerPortal = E47E53EA3004C60900B68849 /* Project object */;
			proxyType = 1;
			remoteGlobalIDString = E47E53F13004C60900B68849;
			remoteInfo = HomebrewApp;
		};
		E47E540A3004C60B00B68849 /* PBXContainerItemProxy */ = {
			isa = PBXContainerItemProxy;
			containerPortal = E47E53EA3004C60900B68849 /* Project object */;
			proxyType = 1;
			remoteGlobalIDString = E47E53F13004C60900B68849;
			remoteInfo = HomebrewApp;
		};
/* End PBXContainerItemProxy section */

/* Begin PBXFileReference section */
		E47E53F23004C60900B68849 /* HomebrewApp.app */ = {isa = PBXFileReference; explicitFileType = wrapper.application; includeInIndex = 0; path = HomebrewApp.app; sourceTree = BUILT_PRODUCTS_DIR; };
		E47E53FF3004C60B00B68849 /* HomebrewAppTests.xctest */ = {isa = PBXFileReference; explicitFileType = wrapper.cfbundle; includeInIndex = 0; path = HomebrewAppTests.xctest; sourceTree = BUILT_PRODUCTS_DIR; };
		E47E54093004C60B00B68849 /* HomebrewAppUITests.xctest */ = {isa = PBXFileReference; explicitFileType = wrapper.cfbundle; includeInIndex = 0; path = HomebrewAppUITests.xctest; sourceTree = BUILT_PRODUCTS_DIR; };
/* End PBXFileReference section */

/* Begin PBXFileSystemSynchronizedRootGroup section */
		E47E53F43004C60900B68849 /* HomebrewApp */ = {
			isa = PBXFileSystemSynchronizedRootGroup;
			path = HomebrewApp;
			sourceTree = "<group>";
		};
		E47E54023004C60B00B68849 /* HomebrewAppTests */ = {
			isa = PBXFileSystemSynchronizedRootGroup;
			path = HomebrewAppTests;
			sourceTree = "<group>";
		};
		E47E540C3004C60B00B68849 /* HomebrewAppUITests */ = {
			isa = PBXFileSystemSynchronizedRootGroup;
			path = HomebrewAppUITests;
			sourceTree = "<group>";
		};
/* End PBXFileSystemSynchronizedRootGroup section */

/* Begin PBXFrameworksBuildPhase section */
		E47E53EF3004C60900B68849 /* Frameworks */ = {
			isa = PBXFrameworksBuildPhase;
			files = (
			);
		};
		E47E53FC3004C60B00B68849 /* Frameworks */ = {
			isa = PBXFrameworksBuildPhase;
			files = (
			);
		};
		E47E54063004C60B00B68849 /* Frameworks */ = {
			isa = PBXFrameworksBuildPhase;
			files = (
			);
		};
/* End PBXFrameworksBuildPhase section */

/* Begin PBXGroup section */
		E47E53E93004C60900B68849 = {
			isa = PBXGroup;
			children = (
				E47E53F43004C60900B68849 /* HomebrewApp */,
				E47E54023004C60B00B68849 /* HomebrewAppTests */,
				E47E540C3004C60B00B68849 /* HomebrewAppUITests */,
				E47E53F33004C60900B68849 /* Products */,
			);
			sourceTree = "<group>";
		};
		E47E53F33004C60900B68849 /* Products */ = {
			isa = PBXGroup;
			children = (
				E47E53F23004C60900B68849 /* HomebrewApp.app */,
				E47E53FF3004C60B00B68849 /* HomebrewAppTests.xctest */,
				E47E54093004C60B00B68849 /* HomebrewAppUITests.xctest */,
			);
			name = Products;
			sourceTree = "<group>";
		};
/* End PBXGroup section */

/* Begin PBXNativeTarget section */
		E47E53F13004C60900B68849 /* HomebrewApp */ = {
			isa = PBXNativeTarget;
			buildConfigurationList = E47E54113004C60B00B68849 /* Build configuration list for PBXNativeTarget "HomebrewApp" */;
			buildPhases = (
				E47E53EE3004C60900B68849 /* Sources */,
				E47E53EF3004C60900B68849 /* Frameworks */,
				E47E53F03004C60900B68849 /* Resources */,
			);
			buildRules = (
			);
			fileSystemSynchronizedGroups = (
				E47E53F43004C60900B68849 /* HomebrewApp */,
			);
			name = HomebrewApp;
			productName = HomebrewApp;
			productReference = E47E53F23004C60900B68849 /* HomebrewApp.app */;
			productType = "com.apple.product-type.application";
		};
		E47E53FE3004C60B00B68849 /* HomebrewAppTests */ = {
			isa = PBXNativeTarget;
			buildConfigurationList = E47E54143004C60B00B68849 /* Build configuration list for PBXNativeTarget "HomebrewAppTests" */;
			buildPhases = (
				E47E53FB3004C60B00B68849 /* Sources */,
				E47E53FC3004C60B00B68849 /* Frameworks */,
				E47E53FD3004C60B00B68849 /* Resources */,
			);
			buildRules = (
			);
			dependencies = (
				E47E54013004C60B00B68849 /* PBXTargetDependency */,
			);
			fileSystemSynchronizedGroups = (
				E47E54023004C60B00B68849 /* HomebrewAppTests */,
			);
			name = HomebrewAppTests;
			productName = HomebrewAppTests;
			productReference = E47E53FF3004C60B00B68849 /* HomebrewAppTests.xctest */;
			productType = "com.apple.product-type.bundle.unit-test";
		};
		E47E54083004C60B00B68849 /* HomebrewAppUITests */ = {
			isa = PBXNativeTarget;
			buildConfigurationList = E47E54173004C60B00B68849 /* Build configuration list for PBXNativeTarget "HomebrewAppUITests" */;
			buildPhases = (
				E47E54053004C60B00B68849 /* Sources */,
				E47E54063004C60B00B68849 /* Frameworks */,
				E47E54073004C60B00B68849 /* Resources */,
			);
			buildRules = (
			);
			dependencies = (
				E47E540B3004C60B00B68849 /* PBXTargetDependency */,
			);
			fileSystemSynchronizedGroups = (
				E47E540C3004C60B00B68849 /* HomebrewAppUITests */,
			);
			name = HomebrewAppUITests;
			productName = HomebrewAppUITests;
			productReference = E47E54093004C60B00B68849 /* HomebrewAppUITests.xctest */;
			productType = "com.apple.product-type.bundle.ui-testing";
		};
/* End PBXNativeTarget section */

/* Begin PBXProject section */
		E47E53EA3004C60900B68849 /* Project object */ = {
			isa = PBXProject;
			attributes = {
				BuildIndependentTargetsInParallel = 1;
				LastSwiftUpdateCheck = 2700;
				LastUpgradeCheck = 2700;
				TargetAttributes = {
					E47E53F13004C60900B68849 = {
						CreatedOnToolsVersion = 27.0;
					};
					E47E53FE3004C60B00B68849 = {
						CreatedOnToolsVersion = 27.0;
						TestTargetID = E47E53F13004C60900B68849;
					};
					E47E54083004C60B00B68849 = {
						CreatedOnToolsVersion = 27.0;
						TestTargetID = E47E53F13004C60900B68849;
					};
				};
			};
			buildConfigurationList = E47E53ED3004C60900B68849 /* Build configuration list for PBXProject "HomebrewApp" */;
			developmentRegion = en;
			hasScannedForEncodings = 0;
			knownRegions = (
				en,
				Base,
			);
			mainGroup = E47E53E93004C60900B68849;
			minimizedProjectReferenceProxies = 1;
			preferredProjectObjectVersion = 77;
			productRefGroup = E47E53F33004C60900B68849 /* Products */;
			projectDirPath = "";
			projectRoot = "";
			targets = (
				E47E53F13004C60900B68849 /* HomebrewApp */,
				E47E53FE3004C60B00B68849 /* HomebrewAppTests */,
				E47E54083004C60B00B68849 /* HomebrewAppUITests */,
			);
		};
/* End PBXProject section */

/* Begin PBXResourcesBuildPhase section */
		E47E53F03004C60900B68849 /* Resources */ = {
			isa = PBXResourcesBuildPhase;
			files = (
			);
		};
		E47E53FD3004C60B00B68849 /* Resources */ = {
			isa = PBXResourcesBuildPhase;
			files = (
			);
		};
		E47E54073004C60B00B68849 /* Resources */ = {
			isa = PBXResourcesBuildPhase;
			files = (
			);
		};
/* End PBXResourcesBuildPhase section */

/* Begin PBXSourcesBuildPhase section */
		E47E53EE3004C60900B68849 /* Sources */ = {
			isa = PBXSourcesBuildPhase;
			files = (
			);
		};
		E47E53FB3004C60B00B68849 /* Sources */ = {
			isa = PBXSourcesBuildPhase;
			files = (
			);
		};
		E47E54053004C60B00B68849 /* Sources */ = {
			isa = PBXSourcesBuildPhase;
			files = (
			);
		};
/* End PBXSourcesBuildPhase section */

/* Begin PBXTargetDependency section */
		E47E54013004C60B00B68849 /* PBXTargetDependency */ = {
			isa = PBXTargetDependency;
			target = E47E53F13004C60900B68849 /* HomebrewApp */;
			targetProxy = E47E54003004C60B00B68849 /* PBXContainerItemProxy */;
		};
		E47E540B3004C60B00B68849 /* PBXTargetDependency */ = {
			isa = PBXTargetDependency;
			target = E47E53F13004C60900B68849 /* HomebrewApp */;
			targetProxy = E47E540A3004C60B00B68849 /* PBXContainerItemProxy */;
		};
/* End PBXTargetDependency section */

/* Begin XCBuildConfiguration section */
		E47E540F3004C60B00B68849 /* Debug configuration for PBXProject "HomebrewApp" */ = {
			isa = XCBuildConfiguration;
			buildSettings = {
				ALWAYS_SEARCH_USER_PATHS = NO;
				ASSETCATALOG_COMPILER_GENERATE_SWIFT_ASSET_SYMBOL_EXTENSIONS = YES;
				CLANG_ANALYZER_NONNULL = YES;
				CLANG_ANALYZER_NUMBER_OBJECT_CONVERSION = YES_AGGRESSIVE;
				CLANG_CXX_LANGUAGE_STANDARD = "gnu++20";
				CLANG_ENABLE_MODULES = YES;
				CLANG_ENABLE_OBJC_ARC = YES;
				CLANG_ENABLE_OBJC_WEAK = YES;
				CLANG_WARN_BLOCK_CAPTURE_AUTORELEASING = YES;
				CLANG_WARN_BOOL_CONVERSION = YES;
				CLANG_WARN_COMMA = YES;
				CLANG_WARN_CONSTANT_CONVERSION = YES;
				CLANG_WARN_DEPRECATED_OBJC_IMPLEMENTATIONS = YES;
				CLANG_WARN_DIRECT_OBJC_ISA_USAGE = YES_ERROR;
				CLANG_WARN_DOCUMENTATION_COMMENTS = YES;
				CLANG_WARN_EMPTY_BODY = YES;
				CLANG_WARN_ENUM_CONVERSION = YES;
				CLANG_WARN_INFINITE_RECURSION = YES;
				CLANG_WARN_INT_CONVERSION = YES;
				CLANG_WARN_NON_LITERAL_NULL_CONVERSION = YES;
				CLANG_WARN_OBJC_IMPLICIT_RETAIN_SELF = YES;
				CLANG_WARN_OBJC_LITERAL_CONVERSION = YES;
				CLANG_WARN_OBJC_ROOT_CLASS = YES_ERROR;
				CLANG_WARN_QUOTED_INCLUDE_IN_FRAMEWORK_HEADER = YES;
				CLANG_WARN_RANGE_LOOP_ANALYSIS = YES;
				CLANG_WARN_STRICT_PROTOTYPES = YES;
				CLANG_WARN_SUSPICIOUS_MOVE = YES;
				CLANG_WARN_UNGUARDED_AVAILABILITY = YES_AGGRESSIVE;
				CLANG_WARN_UNREACHABLE_CODE = YES;
				CLANG_WARN__DUPLICATE_METHOD_MATCH = YES;
				COPY_PHASE_STRIP = NO;
				DEBUG_INFORMATION_FORMAT = dwarf;
				DEVELOPMENT_TEAM = UJS8QQC8D7;
				ENABLE_STRICT_OBJC_MSGSEND = YES;
				ENABLE_TESTABILITY = YES;
				ENABLE_USER_SCRIPT_SANDBOXING = YES;
				GCC_C_LANGUAGE_STANDARD = gnu17;
				GCC_DYNAMIC_NO_PIC = NO;
				GCC_NO_COMMON_BLOCKS = YES;
				GCC_OPTIMIZATION_LEVEL = 0;
				GCC_PREPROCESSOR_DEFINITIONS = (
					"DEBUG=1",
					"$(inherited)",
				);
				GCC_WARN_64_TO_32_BIT_CONVERSION = YES;
				GCC_WARN_ABOUT_RETURN_TYPE = YES_ERROR;
				GCC_WARN_UNDECLARED_SELECTOR = YES;
				GCC_WARN_UNINITIALIZED_AUTOS = YES_AGGRESSIVE;
				GCC_WARN_UNUSED_FUNCTION = YES;
				GCC_WARN_UNUSED_VARIABLE = YES;
				LOCALIZATION_PREFERS_STRING_CATALOGS = YES;
				MACOSX_DEPLOYMENT_TARGET = 26.5;
				MTL_ENABLE_DEBUG_INFO = INCLUDE_SOURCE;
				MTL_FAST_MATH = YES;
				ONLY_ACTIVE_ARCH = YES;
				SDKROOT = macosx;
				SWIFT_ACTIVE_COMPILATION_CONDITIONS = "DEBUG $(inherited)";
				SWIFT_OPTIMIZATION_LEVEL = "-Onone";
			};
			name = Debug;
		};
		E47E54103004C60B00B68849 /* Release configuration for PBXProject "HomebrewApp" */ = {
			isa = XCBuildConfiguration;
			buildSettings = {
				ALWAYS_SEARCH_USER_PATHS = NO;
				ASSETCATALOG_COMPILER_GENERATE_SWIFT_ASSET_SYMBOL_EXTENSIONS = YES;
				CLANG_ANALYZER_NONNULL = YES;
				CLANG_ANALYZER_NUMBER_OBJECT_CONVERSION = YES_AGGRESSIVE;
				CLANG_CXX_LANGUAGE_STANDARD = "gnu++20";
				CLANG_ENABLE_MODULES = YES;
				CLANG_ENABLE_OBJC_ARC = YES;
				CLANG_ENABLE_OBJC_WEAK = YES;
				CLANG_WARN_BLOCK_CAPTURE_AUTORELEASING = YES;
				CLANG_WARN_BOOL_CONVERSION = YES;
				CLANG_WARN_COMMA = YES;
				CLANG_WARN_CONSTANT_CONVERSION = YES;
				CLANG_WARN_DEPRECATED_OBJC_IMPLEMENTATIONS = YES;
				CLANG_WARN_DIRECT_OBJC_ISA_USAGE = YES_ERROR;
				CLANG_WARN_DOCUMENTATION_COMMENTS = YES;
				CLANG_WARN_EMPTY_BODY = YES;
				CLANG_WARN_ENUM_CONVERSION = YES;
				CLANG_WARN_INFINITE_RECURSION = YES;
				CLANG_WARN_INT_CONVERSION = YES;
				CLANG_WARN_NON_LITERAL_NULL_CONVERSION = YES;
				CLANG_WARN_OBJC_IMPLICIT_RETAIN_SELF = YES;
				CLANG_WARN_OBJC_LITERAL_CONVERSION = YES;
				CLANG_WARN_OBJC_ROOT_CLASS = YES_ERROR;
				CLANG_WARN_QUOTED_INCLUDE_IN_FRAMEWORK_HEADER = YES;
				CLANG_WARN_RANGE_LOOP_ANALYSIS = YES;
				CLANG_WARN_STRICT_PROTOTYPES = YES;
				CLANG_WARN_SUSPICIOUS_MOVE = YES;
				CLANG_WARN_UNGUARDED_AVAILABILITY = YES_AGGRESSIVE;
				CLANG_WARN_UNREACHABLE_CODE = YES;
				CLANG_WARN__DUPLICATE_METHOD_MATCH = YES;
				COPY_PHASE_STRIP = NO;
				DEBUG_INFORMATION_FORMAT = "dwarf-with-dsym";
				DEVELOPMENT_TEAM = UJS8QQC8D7;
				ENABLE_NS_ASSERTIONS = NO;
				ENABLE_STRICT_OBJC_MSGSEND = YES;
				ENABLE_USER_SCRIPT_SANDBOXING = YES;
				GCC_C_LANGUAGE_STANDARD = gnu17;
				GCC_NO_COMMON_BLOCKS = YES;
				GCC_WARN_64_TO_32_BIT_CONVERSION = YES;
				GCC_WARN_ABOUT_RETURN_TYPE = YES_ERROR;
				GCC_WARN_UNDECLARED_SELECTOR = YES;
				GCC_WARN_UNINITIALIZED_AUTOS = YES_AGGRESSIVE;
				GCC_WARN_UNUSED_FUNCTION = YES;
				GCC_WARN_UNUSED_VARIABLE = YES;
				LOCALIZATION_PREFERS_STRING_CATALOGS = YES;
				MACOSX_DEPLOYMENT_TARGET = 26.5;
				MTL_ENABLE_DEBUG_INFO = NO;
				MTL_FAST_MATH = YES;
				SDKROOT = macosx;
				SWIFT_COMPILATION_MODE = wholemodule;
			};
			name = Release;
		};
		E47E54123004C60B00B68849 /* Debug configuration for PBXNativeTarget "HomebrewApp" */ = {
			isa = XCBuildConfiguration;
			buildSettings = {
				ASSETCATALOG_COMPILER_APPICON_NAME = AppIcon;
				ASSETCATALOG_COMPILER_GLOBAL_ACCENT_COLOR_NAME = AccentColor;
				CODE_SIGN_STYLE = Automatic;
				COMBINE_HIDPI_IMAGES = YES;
				CURRENT_PROJECT_VERSION = 1;
				DEVELOPMENT_TEAM = UJS8QQC8D7;
				ENABLE_APP_SANDBOX = YES;
				ENABLE_HARDENED_RUNTIME = YES;
				ENABLE_PREVIEWS = YES;
				ENABLE_USER_SELECTED_FILES = readonly;
				GENERATE_INFOPLIST_FILE = YES;
				INFOPLIST_KEY_NSHumanReadableCopyright = "";
				LD_RUNPATH_SEARCH_PATHS = (
					"$(inherited)",
					"@executable_path/../Frameworks",
				);
				MARKETING_VERSION = 1.0;
				PRODUCT_BUNDLE_IDENTIFIER = xyz.rewheels.HomebrewApp;
				PRODUCT_NAME = "$(TARGET_NAME)";
				REGISTER_APP_GROUPS = YES;
				STRING_CATALOG_GENERATE_SYMBOLS = YES;
				SWIFT_APPROACHABLE_CONCURRENCY = YES;
				SWIFT_DEFAULT_ACTOR_ISOLATION = MainActor;
				SWIFT_EMIT_LOC_STRINGS = YES;
				SWIFT_UPCOMING_FEATURE_MEMBER_IMPORT_VISIBILITY = YES;
				SWIFT_VERSION = 5.0;
			};
			name = Debug;
		};
		E47E54133004C60B00B68849 /* Release configuration for PBXNativeTarget "HomebrewApp" */ = {
			isa = XCBuildConfiguration;
			buildSettings = {
				ASSETCATALOG_COMPILER_APPICON_NAME = AppIcon;
				ASSETCATALOG_COMPILER_GLOBAL_ACCENT_COLOR_NAME = AccentColor;
				CODE_SIGN_STYLE = Automatic;
				COMBINE_HIDPI_IMAGES = YES;
				CURRENT_PROJECT_VERSION = 1;
				DEVELOPMENT_TEAM = UJS8QQC8D7;
				ENABLE_APP_SANDBOX = YES;
				ENABLE_HARDENED_RUNTIME = YES;
				ENABLE_PREVIEWS = YES;
				ENABLE_USER_SELECTED_FILES = readonly;
				GENERATE_INFOPLIST_FILE = YES;
				INFOPLIST_KEY_NSHumanReadableCopyright = "";
				LD_RUNPATH_SEARCH_PATHS = (
					"$(inherited)",
					"@executable_path/../Frameworks",
				);
				MARKETING_VERSION = 1.0;
				PRODUCT_BUNDLE_IDENTIFIER = xyz.rewheels.HomebrewApp;
				PRODUCT_NAME = "$(TARGET_NAME)";
				REGISTER_APP_GROUPS = YES;
				STRING_CATALOG_GENERATE_SYMBOLS = YES;
				SWIFT_APPROACHABLE_CONCURRENCY = YES;
				SWIFT_DEFAULT_ACTOR_ISOLATION = MainActor;
				SWIFT_EMIT_LOC_STRINGS = YES;
				SWIFT_UPCOMING_FEATURE_MEMBER_IMPORT_VISIBILITY = YES;
				SWIFT_VERSION = 5.0;
			};
			name = Release;
		};
		E47E54153004C60B00B68849 /* Debug configuration for PBXNativeTarget "HomebrewAppTests" */ = {
			isa = XCBuildConfiguration;
			buildSettings = {
				BUNDLE_LOADER = "$(TEST_HOST)";
				CODE_SIGN_STYLE = Automatic;
				CURRENT_PROJECT_VERSION = 1;
				DEVELOPMENT_TEAM = UJS8QQC8D7;
				GENERATE_INFOPLIST_FILE = YES;
				MACOSX_DEPLOYMENT_TARGET = 26.5;
				MARKETING_VERSION = 1.0;
				PRODUCT_BUNDLE_IDENTIFIER = xyz.rewheels.HomebrewAppTests;
				PRODUCT_NAME = "$(TARGET_NAME)";
				STRING_CATALOG_GENERATE_SYMBOLS = NO;
				SWIFT_APPROACHABLE_CONCURRENCY = YES;
				SWIFT_EMIT_LOC_STRINGS = NO;
				SWIFT_UPCOMING_FEATURE_MEMBER_IMPORT_VISIBILITY = YES;
				SWIFT_VERSION = 5.0;
				TEST_HOST = "$(BUILT_PRODUCTS_DIR)/HomebrewApp.app/$(BUNDLE_EXECUTABLE_FOLDER_PATH)/HomebrewApp";
			};
			name = Debug;
		};
		E47E54163004C60B00B68849 /* Release configuration for PBXNativeTarget "HomebrewAppTests" */ = {
			isa = XCBuildConfiguration;
			buildSettings = {
				BUNDLE_LOADER = "$(TEST_HOST)";
				CODE_SIGN_STYLE = Automatic;
				CURRENT_PROJECT_VERSION = 1;
				DEVELOPMENT_TEAM = UJS8QQC8D7;
				GENERATE_INFOPLIST_FILE = YES;
				MACOSX_DEPLOYMENT_TARGET = 26.5;
				MARKETING_VERSION = 1.0;
				PRODUCT_BUNDLE_IDENTIFIER = xyz.rewheels.HomebrewAppTests;
				PRODUCT_NAME = "$(TARGET_NAME)";
				STRING_CATALOG_GENERATE_SYMBOLS = NO;
				SWIFT_APPROACHABLE_CONCURRENCY = YES;
				SWIFT_EMIT_LOC_STRINGS = NO;
				SWIFT_UPCOMING_FEATURE_MEMBER_IMPORT_VISIBILITY = YES;
				SWIFT_VERSION = 5.0;
				TEST_HOST = "$(BUILT_PRODUCTS_DIR)/HomebrewApp.app/$(BUNDLE_EXECUTABLE_FOLDER_PATH)/HomebrewApp";
			};
			name = Release;
		};
		E47E54183004C60B00B68849 /* Debug configuration for PBXNativeTarget "HomebrewAppUITests" */ = {
			isa = XCBuildConfiguration;
			buildSettings = {
				CODE_SIGN_STYLE = Automatic;
				CURRENT_PROJECT_VERSION = 1;
				DEVELOPMENT_TEAM = UJS8QQC8D7;
				GENERATE_INFOPLIST_FILE = YES;
				MARKETING_VERSION = 1.0;
				PRODUCT_BUNDLE_IDENTIFIER = xyz.rewheels.HomebrewAppUITests;
				PRODUCT_NAME = "$(TARGET_NAME)";
				STRING_CATALOG_GENERATE_SYMBOLS = NO;
				SWIFT_APPROACHABLE_CONCURRENCY = YES;
				SWIFT_EMIT_LOC_STRINGS = NO;
				SWIFT_UPCOMING_FEATURE_MEMBER_IMPORT_VISIBILITY = YES;
				SWIFT_VERSION = 5.0;
				TEST_TARGET_NAME = HomebrewApp;
			};
			name = Debug;
		};
		E47E54193004C60B00B68849 /* Release configuration for PBXNativeTarget "HomebrewAppUITests" */ = {
			isa = XCBuildConfiguration;
			buildSettings = {
				CODE_SIGN_STYLE = Automatic;
				CURRENT_PROJECT_VERSION = 1;
				DEVELOPMENT_TEAM = UJS8QQC8D7;
				GENERATE_INFOPLIST_FILE = YES;
				MARKETING_VERSION = 1.0;
				PRODUCT_BUNDLE_IDENTIFIER = xyz.rewheels.HomebrewAppUITests;
				PRODUCT_NAME = "$(TARGET_NAME)";
				STRING_CATALOG_GENERATE_SYMBOLS = NO;
				SWIFT_APPROACHABLE_CONCURRENCY = YES;
				SWIFT_EMIT_LOC_STRINGS = NO;
				SWIFT_UPCOMING_FEATURE_MEMBER_IMPORT_VISIBILITY = YES;
				SWIFT_VERSION = 5.0;
				TEST_TARGET_NAME = HomebrewApp;
			};
			name = Release;
		};
/* End XCBuildConfiguration section */

/* Begin XCConfigurationList section */
		E47E53ED3004C60900B68849 /* Build configuration list for PBXProject "HomebrewApp" */ = {
			isa = XCConfigurationList;
			buildConfigurations = (
				E47E540F3004C60B00B68849 /* Debug configuration for PBXProject "HomebrewApp" */,
				E47E54103004C60B00B68849 /* Release configuration for PBXProject "HomebrewApp" */,
			);
			defaultConfigurationName = Release;
		};
		E47E54113004C60B00B68849 /* Build configuration list for PBXNativeTarget "HomebrewApp" */ = {
			isa = XCConfigurationList;
			buildConfigurations = (
				E47E54123004C60B00B68849 /* Debug configuration for PBXNativeTarget "HomebrewApp" */,
				E47E54133004C60B00B68849 /* Release configuration for PBXNativeTarget "HomebrewApp" */,
			);
			defaultConfigurationName = Release;
		};
		E47E54143004C60B00B68849 /* Build configuration list for PBXNativeTarget "HomebrewAppTests" */ = {
			isa = XCConfigurationList;
			buildConfigurations = (
				E47E54153004C60B00B68849 /* Debug configuration for PBXNativeTarget "HomebrewAppTests" */,
				E47E54163004C60B00B68849 /* Release configuration for PBXNativeTarget "HomebrewAppTests" */,
			);
			defaultConfigurationName = Release;
		};
		E47E54173004C60B00B68849 /* Build configuration list for PBXNativeTarget "HomebrewAppUITests" */ = {
			isa = XCConfigurationList;
			buildConfigurations = (
				E47E54183004C60B00B68849 /* Debug configuration for PBXNativeTarget "HomebrewAppUITests" */,
				E47E54193004C60B00B68849 /* Release configuration for PBXNativeTarget "HomebrewAppUITests" */,
			);
			defaultConfigurationName = Release;
		};
/* End XCConfigurationList section */
	};
	rootObject = E47E53EA3004C60900B68849 /* Project object */;
	validationLevel = 1;
}
